<?xml version="1.0" encoding="utf-8"?>
<Project ToolsVersion="4.0" xmlns="http://schemas.microsoft.com/developer/msbuild/2003">
  <ItemGroup>
    <ClCompile Include="DllMain.cpp">
      <Filter>Source Files</Filter>
    </ClCompile>
    <ClCompile Include="Util\Util.cpp">
      <Filter>Source Files</Filter>
    </ClCompile>
    <ClCompile Include="Util\Pattern\Pattern.cpp">
      <Filter>Source Files</Filter>
    </ClCompile>
    <ClCompile Include="Util\Offsets\Offsets.cpp">
      <Filter>Source Files</Filter>
    </ClCompile>
    <ClCompile Include="Util\VFunc\VFunc.cpp">
      <Filter>Source Files</Filter>
    </ClCompile>
    <ClCompile Include="Util\Math\Math.cpp">
      <Filter>Source Files</Filter>
    </ClCompile>
    <ClCompile Include="Util\NetVarManager\NetVarManager.cpp">
      <Filter>Source Files</Filter>
    </ClCompile>
    <ClCompile Include="Util\Hook\MinHook\buffer.c">
      <Filter>Source Files</Filter>
    </ClCompile>
    <ClCompile Include="Util\Hook\MinHook\hook.c">
      <Filter>Source Files</Filter>
    </ClCompile>
    <ClCompile Include="Util\Hook\MinHook\trampoline.c">
      <Filter>Source Files</Filter>
    </ClCompile>
    <ClCompile Include="Util\Hook\MinHook\hde\hde32.c">
      <Filter>Source Files</Filter>
    </ClCompile>
    <ClCompile Include="Util\Hook\MinHook\hde\hde64.c">
      <Filter>Source Files</Filter>
    </ClCompile>
    <ClCompile Include="Util\Interface\Interface.cpp">
      <Filter>Source Files</Filter>
    </ClCompile>
    <ClCompile Include="SDK\L4D2\Includes\checksum_md5.cpp">
      <Filter>Source Files</Filter>
    </ClCompile>
    <ClCompile Include="SDK\L4D2\Includes\basehandle.cpp">
      <Filter>Source Files</Filter>
    </ClCompile>
    <ClCompile Include="SDK\KeyValues\KeyValues.cpp">
      <Filter>Source Files</Filter>
    </ClCompile>
    <ClCompile Include="SDK\GameUtil\GameUtil.cpp">
      <Filter>Source Files</Filter>
    </ClCompile>
    <ClCompile Include="SDK\DrawManager\DrawManager.cpp">
      <Filter>Source Files</Filter>
    </ClCompile>
    <ClCompile Include="SDK\SDK.cpp">
      <Filter>Source Files</Filter>
    </ClCompile>
    <ClCompile Include="Entry\Entry.cpp">
      <Filter>Source Files</Filter>
    </ClCompile>
    <ClCompile Include="Features\ESP\ESP.cpp">
      <Filter>Source Files</Filter>
    </ClCompile>
    <ClCompile Include="Hooks\Hooks.cpp">
      <Filter>Source Files</Filter>
    </ClCompile>
    <ClCompile Include="Hooks\TerrorPlayer\TerrorPlayer.cpp">
      <Filter>Source Files</Filter>
    </ClCompile>
    <ClCompile Include="Hooks\ClientMode\ClientMode.cpp">
      <Filter>Source Files</Filter>
    </ClCompile>
    <ClCompile Include="Hooks\ClientPrediction\ClientPrediction.cpp">
      <Filter>Source Files</Filter>
    </ClCompile>
    <ClCompile Include="Hooks\CL_Main\CL_Main.cpp">
      <Filter>Source Files</Filter>
    </ClCompile>
    <ClCompile Include="Hooks\BasePlayer\BasePlayer.cpp">
      <Filter>Source Files</Filter>
    </ClCompile>
    <ClCompile Include="Hooks\BaseClient\BaseClient.cpp">
      <Filter>Source Files</Filter>
    </ClCompile>
    <ClCompile Include="Hooks\EngineVGui\EngineVGui.cpp">
      <Filter>Source Files</Filter>
    </ClCompile>
    <ClCompile Include="Hooks\WndProc\WndProc.cpp">
      <Filter>Source Files</Filter>
    </ClCompile>
    <ClCompile Include="Features\Vars.cpp">
      <Filter>Source Files</Filter>
    </ClCompile>
    <ClCompile Include="Features\Manager\Module\Modules\Combat\NoSpread.cpp">
      <Filter>Source Files</Filter>
    </ClCompile>
    <ClCompile Include="Hooks\SequenceTransitioner\SequenceTransitioner.cpp">
      <Filter>Source Files</Filter>
    </ClCompile>
    <ClCompile Include="Hooks\ModelRender\ModelRender.cpp">
      <Filter>Source Files</Filter>
    </ClCompile>
    <ClCompile Include="Hooks\ModelRenderSystem\ModelRenderSystem.cpp">
      <Filter>Source Files</Filter>
    </ClCompile>
    <ClCompile Include="Hooks\TerrorGameRules\TerrorGameRules.cpp">
      <Filter>Source Files</Filter>
    </ClCompile>
    <ClCompile Include="Features\EnginePrediction\EnginePrediction.cpp">
      <Filter>Source Files</Filter>
    </ClCompile>
    <ClCompile Include="Features\Manager\Manager.cpp">
      <Filter>Source Files</Filter>
    </ClCompile>
    <ClCompile Include="Features\Manager\Module\Modules\Player\BunnyHop.cpp">
      <Filter>Source Files</Filter>
    </ClCompile>
    <ClCompile Include="Features\Manager\Module\Modules\Render\Arraylist.cpp">
      <Filter>Source Files</Filter>
    </ClCompile>
    <ClCompile Include="Features\Manager\Module\Modules\Combat\Aimbot.cpp">
      <Filter>Source Files</Filter>
    </ClCompile>
    <ClCompile Include="Features\Manager\RotationManager.cpp">
      <Filter>Source Files</Filter>
    </ClCompile>
    <ClCompile Include="Features\Manager\Module\Utils\FindTarget.cpp">
      <Filter>Source Files</Filter>
    </ClCompile>
    <ClCompile Include="Features\Manager\Module\Modules\Render\ESPHelper.cpp">
      <Filter>Source Files</Filter>
    </ClCompile>
  </ItemGroup>
  <ItemGroup>
    <ClInclude Include="Util\Util.h">
      <Filter>Header Files</Filter>
    </ClInclude>
    <ClInclude Include="Util\Pattern\Pattern.h">
      <Filter>Header Files</Filter>
    </ClInclude>
    <ClInclude Include="Util\Offsets\Offsets.h">
      <Filter>Header Files</Filter>
    </ClInclude>
    <ClInclude Include="Util\VFunc\VFunc.h">
      <Filter>Header Files</Filter>
    </ClInclude>
    <ClInclude Include="Util\Math\Vector\Vector.h">
      <Filter>Header Files</Filter>
    </ClInclude>
    <ClInclude Include="Util\Math\Vector\Vector2D.h">
      <Filter>Header Files</Filter>
    </ClInclude>
    <ClInclude Include="Util\Math\Math.h">
      <Filter>Header Files</Filter>
    </ClInclude>
    <ClInclude Include="Util\NetVarManager\NetVarManager.h">
      <Filter>Header Files</Filter>
    </ClInclude>
    <ClInclude Include="Util\Hook\Hook.h">
      <Filter>Header Files</Filter>
    </ClInclude>
    <ClInclude Include="Util\Hook\MinHook\buffer.h">
      <Filter>Header Files</Filter>
    </ClInclude>
    <ClInclude Include="Util\Hook\MinHook\MinHook.h">
      <Filter>Header Files</Filter>
    </ClInclude>
    <ClInclude Include="Util\Hook\MinHook\trampoline.h">
      <Filter>Header Files</Filter>
    </ClInclude>
    <ClInclude Include="Util\Hook\MinHook\hde\hde32.h">
      <Filter>Header Files</Filter>
    </ClInclude>
    <ClInclude Include="Util\Hook\MinHook\hde\hde64.h">
      <Filter>Header Files</Filter>
    </ClInclude>
    <ClInclude Include="Util\Hook\MinHook\hde\pstdint.h">
      <Filter>Header Files</Filter>
    </ClInclude>
    <ClInclude Include="Util\Hook\MinHook\hde\table32.h">
      <Filter>Header Files</Filter>
    </ClInclude>
    <ClInclude Include="Util\Hook\MinHook\hde\table64.h">
      <Filter>Header Files</Filter>
    </ClInclude>
    <ClInclude Include="Util\Interface\Interface.h">
      <Filter>Header Files</Filter>
    </ClInclude>
    <ClInclude Include="SDK\L4D2\Includes\usercmd.h">
      <Filter>Header Files</Filter>
    </ClInclude>
    <ClInclude Include="SDK\L4D2\Includes\globalvars_base.h">
      <Filter>Header Files</Filter>
    </ClInclude>
    <ClInclude Include="SDK\L4D2\Includes\dt_common.h">
      <Filter>Header Files</Filter>
    </ClInclude>
    <ClInclude Include="SDK\L4D2\Includes\dt_recv.h">
      <Filter>Header Files</Filter>
    </ClInclude>
    <ClInclude Include="SDK\L4D2\Includes\client_class.h">
      <Filter>Header Files</Filter>
    </ClInclude>
    <ClInclude Include="SDK\L4D2\Includes\color.h">
      <Filter>Header Files</Filter>
    </ClInclude>
    <ClInclude Include="SDK\L4D2\Includes\const.h">
      <Filter>Header Files</Filter>
    </ClInclude>
    <ClInclude Include="SDK\L4D2\Includes\appsystem.h">
      <Filter>Header Files</Filter>
    </ClInclude>
    <ClInclude Include="SDK\L4D2\Includes\checksum_md5.h">
      <Filter>Header Files</Filter>
    </ClInclude>
    <ClInclude Include="SDK\L4D2\Includes\basehandle.h">
      <Filter>Header Files</Filter>
    </ClInclude>
    <ClInclude Include="SDK\L4D2\Includes\ehandle.h">
      <Filter>Header Files</Filter>
    </ClInclude>
    <ClInclude Include="SDK\L4D2\Interfaces\BaseClientDLL.h">
      <Filter>Header Files</Filter>
    </ClInclude>
    <ClInclude Include="SDK\L4D2\Interfaces\DebugOverlay.h">
      <Filter>Header Files</Filter>
    </ClInclude>
    <ClInclude Include="SDK\L4D2\Interfaces\ClientEntityList.h">
      <Filter>Header Files</Filter>
    </ClInclude>
    <ClInclude Include="SDK\L4D2\Interfaces\EngineClient.h">
      <Filter>Header Files</Filter>
    </ClInclude>
    <ClInclude Include="SDK\L4D2\Interfaces\EngineTrace.h">
      <Filter>Header Files</Filter>
    </ClInclude>
    <ClInclude Include="SDK\L4D2\Interfaces\EngineVGui.h">
      <Filter>Header Files</Filter>
    </ClInclude>
    <ClInclude Include="SDK\L4D2\Interfaces\GameMovement.h">
      <Filter>Header Files</Filter>
    </ClInclude>
    <ClInclude Include="SDK\L4D2\Interfaces\ModelInfo.h">
      <Filter>Header Files</Filter>
    </ClInclude>
    <ClInclude Include="SDK\L4D2\Interfaces\ModelRender.h">
      <Filter>Header Files</Filter>
    </ClInclude>
    <ClInclude Include="SDK\L4D2\Interfaces\MoveHelper.h">
      <Filter>Header Files</Filter>
    </ClInclude>
    <ClInclude Include="SDK\L4D2\Interfaces\Prediction.h">
      <Filter>Header Files</Filter>
    </ClInclude>
    <ClInclude Include="SDK\L4D2\Interfaces\RenderView.h">
      <Filter>Header Files</Filter>
    </ClInclude>
    <ClInclude Include="SDK\L4D2\Interfaces\VGuiPanel.h">
      <Filter>Header Files</Filter>
    </ClInclude>
    <ClInclude Include="SDK\L4D2\Interfaces\VGuiSurface.h">
      <Filter>Header Files</Filter>
    </ClInclude>
    <ClInclude Include="SDK\L4D2\Interfaces\MatSystemSurface.h">
      <Filter>Header Files</Filter>
    </ClInclude>
    <ClInclude Include="SDK\L4D2\Interfaces\MatRenderContext.h">
      <Filter>Header Files</Filter>
    </ClInclude>
    <ClInclude Include="SDK\L4D2\Interfaces\MaterialSystem.h">
      <Filter>Header Files</Filter>
    </ClInclude>
    <ClInclude Include="SDK\L4D2\Entities\IHandleEntity.h">
      <Filter>Header Files</Filter>
    </ClInclude>
    <ClInclude Include="SDK\L4D2\Entities\IClientUnknown.h">
      <Filter>Header Files</Filter>
    </ClInclude>
    <ClInclude Include="SDK\L4D2\Entities\IClientThinkable.h">
      <Filter>Header Files</Filter>
    </ClInclude>
    <ClInclude Include="SDK\L4D2\Entities\IClientRenderable.h">
      <Filter>Header Files</Filter>
    </ClInclude>
    <ClInclude Include="SDK\L4D2\Entities\IClientNetworkable.h">
      <Filter>Header Files</Filter>
    </ClInclude>
    <ClInclude Include="SDK\L4D2\Entities\IClientEntity.h">
      <Filter>Header Files</Filter>
    </ClInclude>
    <ClInclude Include="SDK\KeyValues\KeyValues.h">
      <Filter>Header Files</Filter>
    </ClInclude>
    <ClInclude Include="SDK\GameUtil\GameUtil.h">
      <Filter>Header Files</Filter>
    </ClInclude>
    <ClInclude Include="SDK\DrawManager\DrawManager.h">
      <Filter>Header Files</Filter>
    </ClInclude>
    <ClInclude Include="SDK\SDK.h">
      <Filter>Header Files</Filter>
    </ClInclude>
    <ClInclude Include="Entry\Entry.h">
      <Filter>Header Files</Filter>
    </ClInclude>
    <ClInclude Include="Features\Vars.h">
      <Filter>Header Files</Filter>
    </ClInclude>
    <ClInclude Include="Features\ESP\ESP.h">
      <Filter>Header Files</Filter>
    </ClInclude>
    <ClInclude Include="Hooks\Hooks.h">
      <Filter>Header Files</Filter>
    </ClInclude>
    <ClInclude Include="Hooks\TerrorPlayer\TerrorPlayer.h">
      <Filter>Header Files</Filter>
    </ClInclude>
    <ClInclude Include="Hooks\ClientMode\ClientMode.h">
      <Filter>Header Files</Filter>
    </ClInclude>
    <ClInclude Include="Hooks\ClientPrediction\ClientPrediction.h">
      <Filter>Header Files</Filter>
    </ClInclude>
    <ClInclude Include="Hooks\CL_Main\CL_Main.h">
      <Filter>Header Files</Filter>
    </ClInclude>
    <ClInclude Include="Hooks\BasePlayer\BasePlayer.h">
      <Filter>Header Files</Filter>
    </ClInclude>
    <ClInclude Include="Hooks\BaseClient\BaseClient.h">
      <Filter>Header Files</Filter>
    </ClInclude>
    <ClInclude Include="Hooks\EngineVGui\EngineVGui.h">
      <Filter>Header Files</Filter>
    </ClInclude>
    <ClInclude Include="SDK\L4D2\Entities\C_BaseEntity.h">
      <Filter>Header Files</Filter>
    </ClInclude>
    <ClInclude Include="SDK\L4D2\Entities\C_BaseAnimating.h">
      <Filter>Header Files</Filter>
    </ClInclude>
    <ClInclude Include="SDK\L4D2\Entities\C_BasePlayer.h">
      <Filter>Header Files</Filter>
    </ClInclude>
    <ClInclude Include="SDK\L4D2\Entities\C_DynamicProp.h">
      <Filter>Header Files</Filter>
    </ClInclude>
    <ClInclude Include="SDK\L4D2\Entities\C_WeaponCSBase.h">
      <Filter>Header Files</Filter>
    </ClInclude>
    <ClInclude Include="SDK\L4D2\Entities\C_TerrorWeapon.h">
      <Filter>Header Files</Filter>
    </ClInclude>
    <ClInclude Include="SDK\L4D2\Entities\C_CSPlayer.h">
      <Filter>Header Files</Filter>
    </ClInclude>
    <ClInclude Include="SDK\L4D2\Entities\C_TerrorPlayer.h">
      <Filter>Header Files</Filter>
    </ClInclude>
    <ClInclude Include="SDK\L4D2\Entities\C_Infected.h">
      <Filter>Header Files</Filter>
    </ClInclude>
    <ClInclude Include="Hooks\WndProc\WndProc.h">
      <Filter>Header Files</Filter>
    </ClInclude>
    <ClInclude Include="Hooks\SequenceTransitioner\SequenceTransitioner.h">
      <Filter>Header Files</Filter>
    </ClInclude>
    <ClInclude Include="Hooks\ModelRender\ModelRender.h">
      <Filter>Header Files</Filter>
    </ClInclude>
    <ClInclude Include="Hooks\ModelRenderSystem\ModelRenderSystem.h">
      <Filter>Header Files</Filter>
    </ClInclude>
    <ClInclude Include="Hooks\TerrorGameRules\TerrorGameRules.h">
      <Filter>Header Files</Filter>
    </ClInclude>
    <ClInclude Include="Util\XorString\XorString.h">
      <Filter>Header Files</Filter>
    </ClInclude>
    <ClInclude Include="Features\EnginePrediction\EnginePrediction.h">
      <Filter>Header Files</Filter>
    </ClInclude>
    <ClInclude Include="Features\Manager\Manager.h">
      <Filter>Header Files</Filter>
    </ClInclude>
    <ClInclude Include="Features\Manager\Module\ModuleHeader.h">
      <Filter>Header Files</Filter>
    </ClInclude>
    <ClInclude Include="Features\Manager\Module\Modules\Player\BunnyHop.h">
      <Filter>Header Files</Filter>
    </ClInclude>
    <ClInclude Include="Features\Manager\Module\Modules\Render\Arraylist.h">
      <Filter>Header Files</Filter>
    </ClInclude>
    <ClInclude Include="Features\Manager\Module\Modules\Combat\Aimbot.h">
      <Filter>Header Files</Filter>
    </ClInclude>
    <ClInclude Include="Features\Manager\RotationManager.h">
      <Filter>Header Files</Filter>
    </ClInclude>
    <ClInclude Include="Features\Manager\Module\Utils\FindTarget.h">
      <Filter>Header Files</Filter>
    </ClInclude>
    <ClInclude Include="Features\Manager\Module\Utils\UtilsCollector.h">
      <Filter>Header Files</Filter>
    </ClInclude>
    <ClInclude Include="Features\Manager\Module\Modules\Render\ESPHelper.h">
      <Filter>Header Files</Filter>
    </ClInclude>
    <ClInclude Include="SDK\L4D2\Includes\view_shared.h">
      <Filter>Header Files</Filter>
    </ClInclude>
  </ItemGroup>
  <ItemGroup>
    <Filter Include="Header Files">
      <UniqueIdentifier>{D5AE9FF3-E7D0-3E5D-925A-9995FDBEF8F9}</UniqueIdentifier>
    </Filter>
    <Filter Include="Source Files">
      <UniqueIdentifier>{9548EC7E-6872-3399-81DF-CE447974FED4}</UniqueIdentifier>
    </Filter>
  </ItemGroup>
</Project>